PODS:
  - ActionSheetPicker (0.0.2)
  - AFNetworking (1.3.2)
  - FormatterKit (1.2.1):
    - FormatterKit/AddressFormatter
    - FormatterKit/ArrayFormatter
    - FormatterKit/LocationFormatter
    - FormatterKit/OrdinalNumberFormatter
    - FormatterKit/TimeIntervalFormatter
    - FormatterKit/UnitOfInformationFormatter
    - FormatterKit/URLRequestFormatter
  - FormatterKit/AddressFormatter (1.2.1)
  - FormatterKit/ArrayFormatter (1.2.1)
  - FormatterKit/LocationFormatter (1.2.1)
  - FormatterKit/OrdinalNumberFormatter (1.2.1)
  - FormatterKit/TimeIntervalFormatter (1.2.1)
  - FormatterKit/UnitOfInformationFormatter (1.2.1)
  - FormatterKit/URLRequestFormatter (1.2.1)
  - HexColors (2.2.0)
  - libwebp (0.3.0-rc7):
    - libwebp/dec
    - libwebp/dsp
    - libwebp/utils
    - libwebp/webp
  - libwebp/dec (0.3.0-rc7)
  - libwebp/dsp (0.3.0-rc7)
  - libwebp/utils (0.3.0-rc7)
  - libwebp/webp (0.3.0-rc7)
  - Masonry (0.2.3)
  - MZAppearance (1.0.0)
  - MZFormSheetController (1.2.3):
    - MZAppearance (~> 1.0.0)
  - PonyDebugger (0.3.0):
    - SocketRocket
  - RestKit (0.20.3):
    - RestKit/Core
  - RestKit/Core (0.20.3):
    - RestKit/CoreData
    - RestKit/Network
    - RestKit/ObjectMapping
  - RestKit/CoreData (0.20.3)
  - RestKit/Network (0.20.3):
    - AFNetworking (~> 1.3.0)
    - RestKit/ObjectMapping
    - RestKit/Support
    - SOCKit
  - RestKit/ObjectMapping (0.20.3)
  - RestKit/Support (0.20.3):
    - TransitionKit (= 1.1.1)
  - Reveal-iOS-SDK (0.9.1)
  - SDWebImage (3.4):
    - libwebp
    - SDWebImage/MapKit
  - SDWebImage/MapKit (3.4):
    - libwebp
  - SocketRocket (0.3.1-beta2)
  - SOCKit (1.1)
  - SVProgressHUD (0.9)
  - TestFlightSDK (2.0)
  - TransitionKit (1.1.1)
  - TSMessages (0.9.4):
    - HexColors

DEPENDENCIES:
  - ActionSheetPicker
  - AFNetworking (= 1.3.2)
  - FormatterKit (from `https://github.com/Tulushev/FormatterKit.git`, commit `99c189627c`)
  - Masonry
  - MZFormSheetController
  - PonyDebugger
  - RestKit
  - Reveal-iOS-SDK
  - SDWebImage
  - SVProgressHUD
  - TestFlightSDK (~> 2.0)
  - TSMessages

EXTERNAL SOURCES:
  FormatterKit:
    :commit: 99c189627c
    :git: https://github.com/Tulushev/FormatterKit.git

SPEC CHECKSUMS:
  ActionSheetPicker: 16e212011d5c2e92b3e38609a58b93919b4056aa
  AFNetworking: 7f9bcd7c287a75476cd5c61e82fd3380e93e4c54
  FormatterKit: 43c6567e367a872196747fda0c26395c37bd7dd6
  HexColors: 72b7e16c2b42cc3dfb17d4a61f64d218d1ccbba7
  libwebp: 40517fa1fd3716eded73b4696c45fc0b66e4b414
  Masonry: 6ab455cddc0a29be3eebdca923d75207efe99664
  MZAppearance: 92fb47f113440c9c8329a5a7acaca4e070114e0d
  MZFormSheetController: b25a0df5183bf303e771daa8151e1543fc425879
  PonyDebugger: bafc25809ade389d0d1c1f1147877145cc26bd78
  RestKit: 1f181c180105a92f11ec4f6cd7de37625e516d83
  Reveal-iOS-SDK: 7396a20e743807b1e6f1caae664e1a9dc0cc442c
  SDWebImage: f13f791e411c632489824aa7f129e230b52bf5c4
  SocketRocket: 7ac946bcce46287a791dfff3c1f8daa692821dae
  SOCKit: 2f3bc4d07910de12dcc202815e07db68a3802581
  SVProgressHUD: 03d4845ec8e64591726428a08236c6a5489d45f8
  TestFlightSDK: 940906d4b2550cf397c6f2d2fcc4ebfdcd8ae858
  TransitionKit: d0e3344aac92991395d4c2e72d9c5a8ceeb12910
  TSMessages: 5ab92604b02e49a755d2cc2baf114d2248a90977

COCOAPODS: 0.24.0
